
Microsoft Visual Studio Solution File, Format Version 12.00
# Visual Studio 15
VisualStudioVersion = 15.0.28307.902
MinimumVisualStudioVersion = 10.0.40219.1
Project("{8BC9CEB8-8B4A-11D0-8D11-00A0C91BC942}") = "OS_Lab11_Server", "OS_Lab11_Server\OS_Lab11_Server.vcxproj", "{3C859E02-530E-45B6-8412-A9F905CD7EC3}"
	ProjectSection(ProjectDependencies) = postProject
		{837EDC4F-F059-485B-885E-7EDAA9C4392B} = {837EDC4F-F059-485B-885E-7EDAA9C4392B}
	EndProjectSection
EndProject
Project("{8BC9CEB8-8B4A-11D0-8D11-00A0C91BC942}") = "OS_Lab11_WriterClient", "OS_Lab11_WriterClient\OS_Lab11_WriterClient.vcxproj", "{7806D506-54C5-464F-BA6D-9AE6078FDA3F}"
	ProjectSection(ProjectDependencies) = postProject
		{837EDC4F-F059-485B-885E-7EDAA9C4392B} = {837EDC4F-F059-485B-885E-7EDAA9C4392B}
	EndProjectSection
EndProject
Project("{8BC9CEB8-8B4A-11D0-8D11-00A0C91BC942}") = "OS_Lab11_ReaderClient", "OS_Lab11_ReaderClient\OS_Lab11_ReaderClient.vcxproj", "{37591E1E-93CD-4D67-A056-45729CF1D325}"
	ProjectSection(ProjectDependencies) = postProject
		{837EDC4F-F059-485B-885E-7EDAA9C4392B} = {837EDC4F-F059-485B-885E-7EDAA9C4392B}
	EndProjectSection
EndProject
Project("{8BC9CEB8-8B4A-11D0-8D11-00A0C91BC942}") = "Libraries", "Libraries\Libraries.vcxproj", "{837EDC4F-F059-485B-885E-7EDAA9C4392B}"
EndProject
Project("{2150E333-8FDC-42A3-9474-1A3956D46DE8}") = "Solution Items", "Solution Items", "{BFA08E9A-7DA3-4E6C-841B-BA01789CC8AE}"
	ProjectSection(SolutionItems) = preProject
		currentbook.dat = currentbook.dat
	EndProjectSection
EndProject
Global
	GlobalSection(SolutionConfigurationPlatforms) = preSolution
		Debug|x64 = Debug|x64
		Debug|x86 = Debug|x86
		Release|x64 = Release|x64
		Release|x86 = Release|x86
	EndGlobalSection
	GlobalSection(ProjectConfigurationPlatforms) = postSolution
		{3C859E02-530E-45B6-8412-A9F905CD7EC3}.Debug|x64.ActiveCfg = Debug|x64
		{3C859E02-530E-45B6-8412-A9F905CD7EC3}.Debug|x64.Build.0 = Debug|x64
		{3C859E02-530E-45B6-8412-A9F905CD7EC3}.Debug|x86.ActiveCfg = Debug|Win32
		{3C859E02-530E-45B6-8412-A9F905CD7EC3}.Debug|x86.Build.0 = Debug|Win32
		{3C859E02-530E-45B6-8412-A9F905CD7EC3}.Release|x64.ActiveCfg = Release|x64
		{3C859E02-530E-45B6-8412-A9F905CD7EC3}.Release|x64.Build.0 = Release|x64
		{3C859E02-530E-45B6-8412-A9F905CD7EC3}.Release|x86.ActiveCfg = Release|Win32
		{3C859E02-530E-45B6-8412-A9F905CD7EC3}.Release|x86.Build.0 = Release|Win32
		{7806D506-54C5-464F-BA6D-9AE6078FDA3F}.Debug|x64.ActiveCfg = Debug|x64
		{7806D506-54C5-464F-BA6D-9AE6078FDA3F}.Debug|x64.Build.0 = Debug|x64
		{7806D506-54C5-464F-BA6D-9AE6078FDA3F}.Debug|x86.ActiveCfg = Debug|Win32
		{7806D506-54C5-464F-BA6D-9AE6078FDA3F}.Debug|x86.Build.0 = Debug|Win32
		{7806D506-54C5-464F-BA6D-9AE6078FDA3F}.Release|x64.ActiveCfg = Release|x64
		{7806D506-54C5-464F-BA6D-9AE6078FDA3F}.Release|x64.Build.0 = Release|x64
		{7806D506-54C5-464F-BA6D-9AE6078FDA3F}.Release|x86.ActiveCfg = Release|Win32
		{7806D506-54C5-464F-BA6D-9AE6078FDA3F}.Release|x86.Build.0 = Release|Win32
		{37591E1E-93CD-4D67-A056-45729CF1D325}.Debug|x64.ActiveCfg = Debug|x64
		{37591E1E-93CD-4D67-A056-45729CF1D325}.Debug|x64.Build.0 = Debug|x64
		{37591E1E-93CD-4D67-A056-45729CF1D325}.Debug|x86.ActiveCfg = Debug|Win32
		{37591E1E-93CD-4D67-A056-45729CF1D325}.Debug|x86.Build.0 = Debug|Win32
		{37591E1E-93CD-4D67-A056-45729CF1D325}.Release|x64.ActiveCfg = Release|x64
		{37591E1E-93CD-4D67-A056-45729CF1D325}.Release|x64.Build.0 = Release|x64
		{37591E1E-93CD-4D67-A056-45729CF1D325}.Release|x86.ActiveCfg = Release|Win32
		{37591E1E-93CD-4D67-A056-45729CF1D325}.Release|x86.Build.0 = Release|Win32
		{837EDC4F-F059-485B-885E-7EDAA9C4392B}.Debug|x64.ActiveCfg = Debug|x64
		{837EDC4F-F059-485B-885E-7EDAA9C4392B}.Debug|x64.Build.0 = Debug|x64
		{837EDC4F-F059-485B-885E-7EDAA9C4392B}.Debug|x86.ActiveCfg = Debug|Win32
		{837EDC4F-F059-485B-885E-7EDAA9C4392B}.Debug|x86.Build.0 = Debug|Win32
		{837EDC4F-F059-485B-885E-7EDAA9C4392B}.Release|x64.ActiveCfg = Release|x64
		{837EDC4F-F059-485B-885E-7EDAA9C4392B}.Release|x64.Build.0 = Release|x64
		{837EDC4F-F059-485B-885E-7EDAA9C4392B}.Release|x86.ActiveCfg = Release|Win32
		{837EDC4F-F059-485B-885E-7EDAA9C4392B}.Release|x86.Build.0 = Release|Win32
	EndGlobalSection
	GlobalSection(SolutionProperties) = preSolution
		HideSolutionNode = FALSE
	EndGlobalSection
	GlobalSection(ExtensibilityGlobals) = postSolution
		SolutionGuid = {3076B69A-5550-44E7-8ACF-28F3DF92C6E6}
	EndGlobalSection
EndGlobal
